
Microsoft Visual Studio Solution File, Format Version 12.00
# Visual Studio Version 17
VisualStudioVersion = 17.4.33213.308
MinimumVisualStudioVersion = 10.0.40219.1
Project("{FAE04EC0-301F-11D3-BF4B-00C04F79EFBC}") = "PurpleBuzz", "PurpleBuzz\PurpleBuzz.csproj", "{84C2F744-FAF4-4BF6-853A-5642C7DFDDDC}"
EndProject
Global
	GlobalSection(SolutionConfigurationPlatforms) = preSolution
		Debug|Any CPU = Debug|Any CPU
		Release|Any CPU = Release|Any CPU
	EndGlobalSection
	GlobalSection(ProjectConfigurationPlatforms) = postSolution
		{84C2F744-FAF4-4BF6-853A-5642C7DFDDDC}.Debug|Any CPU.ActiveCfg = Debug|Any CPU
		{84C2F744-FAF4-4BF6-853A-5642C7DFDDDC}.Debug|Any CPU.Build.0 = Debug|Any CPU
		{84C2F744-FAF4-4BF6-853A-5642C7DFDDDC}.Release|Any CPU.ActiveCfg = Release|Any CPU
		{84C2F744-FAF4-4BF6-853A-5642C7DFDDDC}.Release|Any CPU.Build.0 = Release|Any CPU
	EndGlobalSection
	GlobalSection(SolutionProperties) = preSolution
		HideSolutionNode = FALSE
	EndGlobalSection
	GlobalSection(ExtensibilityGlobals) = postSolution
		SolutionGuid = {B207CB66-B9D2-48A3-8A54-2DA20E732F44}
	EndGlobalSection
EndGlobal
